
Microsoft Visual Studio Solution File, Format Version 12.00
# Visual Studio Version 17
VisualStudioVersion = 17.0.31903.59
MinimumVisualStudioVersion = 10.0.40219.1
Project("{2150E333-8FDC-42A3-9474-1A3956D46DE8}") = "Solution Items", "Solution Items", "{406E90DC-5CFD-4FFA-A86D-E05959602E36}"
	ProjectSection(SolutionItems) = preProject
		.editorconfig = .editorconfig
	EndProjectSection
EndProject
Project("{9A19103F-16F7-4668-BE54-9A1E7A4F7556}") = "SunamoFtp", "SunamoFtp\SunamoFtp.csproj", "{107523E6-02A3-4C8F-BFB6-225D6FA3FB86}"
EndProject
Project("{9A19103F-16F7-4668-BE54-9A1E7A4F7556}") = "SunamoIni", "SunamoIni\SunamoIni.csproj", "{B6722A85-FFDD-4BDE-9006-212BF93553BC}"
EndProject
Project("{9A19103F-16F7-4668-BE54-9A1E7A4F7556}") = "SunamoTidy", "SunamoTidy\SunamoTidy.csproj", "{E66F3AF2-6667-4695-BD57-01E840B27888}"
EndProject
Project("{9A19103F-16F7-4668-BE54-9A1E7A4F7556}") = "SunamoCode", "SunamoCode\SunamoCode.csproj", "{1EC9DE60-7CB6-4B6E-BB43-16654F58FF2B}"
EndProject
Project("{9A19103F-16F7-4668-BE54-9A1E7A4F7556}") = "SunamoSqlite", "SunamoSqlite\SunamoSqlite.csproj", "{35F00201-B95B-4649-BADF-42B3CB70685D}"
EndProject
Project("{9A19103F-16F7-4668-BE54-9A1E7A4F7556}") = "SunamoMarkdown", "SunamoMarkdown\SunamoMarkdown.csproj", "{933BC329-4F63-4583-A315-2E089624692D}"
EndProject
Project("{9A19103F-16F7-4668-BE54-9A1E7A4F7556}") = "sunamo", "sunamo\sunamo.csproj", "{F6F92307-B0B3-4D6C-BD9C-8B5FF5560DCF}"
EndProject
Project("{9A19103F-16F7-4668-BE54-9A1E7A4F7556}") = "SunamoSqlServer", "SunamoSqlServer\SunamoSqlServer.csproj", "{C9C1ECC5-2F3B-47F6-947B-931F261C5E2D}"
EndProject
Project("{9A19103F-16F7-4668-BE54-9A1E7A4F7556}") = "SunamoCsv", "SunamoCsv\SunamoCsv.csproj", "{EBE9EFE9-2828-43F0-9303-3F3AA4FCCDEF}"
EndProject
Project("{9A19103F-16F7-4668-BE54-9A1E7A4F7556}") = "SunamoSvg", "SunamoSvg\SunamoSvg.csproj", "{A87C1917-A3D6-49A9-B4DE-C142BB07B0AB}"
EndProject
Project("{9A19103F-16F7-4668-BE54-9A1E7A4F7556}") = "SunamoFluentFtp", "SunamoFluentFtp\SunamoFluentFtp.csproj", "{76378EE3-897D-4C8E-B2D7-2B5F6C023FDD}"
EndProject
Project("{9A19103F-16F7-4668-BE54-9A1E7A4F7556}") = "SunamoDebugIO", "SunamoDebugIO\SunamoDebugIO.csproj", "{6022AD00-6AEB-4697-A98C-B9260392867E}"
EndProject
Project("{9A19103F-16F7-4668-BE54-9A1E7A4F7556}") = "SunamoHtml", "SunamoHtml\SunamoHtml.csproj", "{4F207089-77AD-4976-8745-B9C12D13AA45}"
EndProject
Project("{9A19103F-16F7-4668-BE54-9A1E7A4F7556}") = "SunamoLastFm", "SunamoLastFm\SunamoLastFm.csproj", "{CA7B4C96-BDAC-48F1-B6F8-DA95326A1640}"
EndProject
Project("{9A19103F-16F7-4668-BE54-9A1E7A4F7556}") = "SunamoCSharp", "SunamoCSharp\SunamoCSharp.csproj", "{8DEAB2F6-26B7-4CE3-9D9B-17D2F8DA4696}"
EndProject
Project("{9A19103F-16F7-4668-BE54-9A1E7A4F7556}") = "SunamoMail", "SunamoMail\SunamoMail.csproj", "{F5B242E7-B4AF-4B97-9C00-0E545BE20D8A}"
EndProject
Project("{9A19103F-16F7-4668-BE54-9A1E7A4F7556}") = "SunamoCmdArgs", "SunamoCmdArgs\SunamoCmdArgs.csproj", "{31B2FC15-2576-4975-98FA-5750C86F6BA4}"
EndProject
Project("{9A19103F-16F7-4668-BE54-9A1E7A4F7556}") = "SunamoCmdArgs.Cmd", "SunamoCmdArgs.Cmd\SunamoCmdArgs.Cmd.csproj", "{6DA0F1EB-0541-4823-B844-65FE401049A3}"
EndProject
Project("{9A19103F-16F7-4668-BE54-9A1E7A4F7556}") = "SunamoPS", "SunamoPS\SunamoPS.csproj", "{A9B6A16F-BDB3-4514-8736-EC99C2768BBC}"
EndProject
Project("{9A19103F-16F7-4668-BE54-9A1E7A4F7556}") = "win.std", "win.std\win.std.csproj", "{F7C50A71-3AD8-4FEE-904A-D8F5FDF405AA}"
EndProject
Project("{9A19103F-16F7-4668-BE54-9A1E7A4F7556}") = "SunamoMySites", "..\Credentials.pub\SunamoMySites\SunamoMySites.csproj", "{A5790D76-6A31-476A-B402-DFDF2DF0EF7C}"
EndProject
Project("{9A19103F-16F7-4668-BE54-9A1E7A4F7556}") = "SunamoClearScript", "SunamoClearScript\SunamoClearScript.csproj", "{2D3017E9-1289-46D4-B5B0-9AC686AD5668}"
EndProject
Project("{9A19103F-16F7-4668-BE54-9A1E7A4F7556}") = "SunamoObjectDumperNet", "SunamoObjectDumperNet\SunamoObjectDumperNet.csproj", "{EC0DBCE9-E807-4CFA-8964-3FF82250E19A}"
EndProject
Project("{9A19103F-16F7-4668-BE54-9A1E7A4F7556}") = "SunamoDebug", "SunamoDebug\SunamoDebug.csproj", "{16F52DE9-EA6F-41E6-A83A-2EE3700C786E}"
EndProject
Project("{9A19103F-16F7-4668-BE54-9A1E7A4F7556}") = "SunamoDebugging", "SunamoDebugging\SunamoDebugging.csproj", "{715A26E3-BB98-469B-9007-02037514495E}"
EndProject
Project("{9A19103F-16F7-4668-BE54-9A1E7A4F7556}") = "SunamoCmd", "SunamoCmd\SunamoCmd.csproj", "{D02E8175-7B90-44E0-8C34-FBB5341CD5B8}"
EndProject
Project("{9A19103F-16F7-4668-BE54-9A1E7A4F7556}") = "SunamoExtensions", "SunamoExtensions\SunamoExtensions.csproj", "{55D3AB9C-BCC1-4735-8470-2F2F4C74626F}"
EndProject
Project("{9A19103F-16F7-4668-BE54-9A1E7A4F7556}") = "SunamoPInvoke", "SunamoPInvoke\SunamoPInvoke.csproj", "{44AC0208-8956-4413-9E0F-5442345AF3B6}"
EndProject
Project("{9A19103F-16F7-4668-BE54-9A1E7A4F7556}") = "SunamoRoslyn", "SunamoRoslyn\SunamoRoslyn.csproj", "{6207076B-5F55-42F6-BEA0-E01D3C0E7066}"
EndProject
Project("{9A19103F-16F7-4668-BE54-9A1E7A4F7556}") = "SunamoSolutionsIndexer", "SunamoSolutionsIndexer\SunamoSolutionsIndexer.csproj", "{A7FDD4E8-85EF-4248-84B4-FAF05D543C39}"
EndProject
Project("{9A19103F-16F7-4668-BE54-9A1E7A4F7556}") = "SunamoYouTube", "SunamoYouTube\SunamoYouTube.csproj", "{08652736-59E6-43AD-8FA7-FD74E6C307DA}"
EndProject
Project("{9A19103F-16F7-4668-BE54-9A1E7A4F7556}") = "SunamoCrypt", "SunamoCrypt\SunamoCrypt.csproj", "{3E18F303-FD12-427E-8F71-FE2CCB9C3DE9}"
EndProject
Project("{9A19103F-16F7-4668-BE54-9A1E7A4F7556}") = "SunamoXlf", "SunamoXlf\SunamoXlf.csproj", "{2BF4E21B-9369-45BC-BED0-7D7341C8B177}"
EndProject
Project("{9A19103F-16F7-4668-BE54-9A1E7A4F7556}") = "SunamoXlfEngine", "SunamoXlfEngine\SunamoXlfEngine.csproj", "{3DF7B0B9-79AF-4233-91EB-7B9E1BCDAA5B}"
EndProject
Global
	GlobalSection(SolutionConfigurationPlatforms) = preSolution
		Debug|Any CPU = Debug|Any CPU
		Debug|x64 = Debug|x64
		Debug|x86 = Debug|x86
		Release|Any CPU = Release|Any CPU
		Release|x64 = Release|x64
		Release|x86 = Release|x86
	EndGlobalSection
	GlobalSection(ProjectConfigurationPlatforms) = postSolution
		{107523E6-02A3-4C8F-BFB6-225D6FA3FB86}.Debug|Any CPU.ActiveCfg = Debug|Any CPU
		{107523E6-02A3-4C8F-BFB6-225D6FA3FB86}.Debug|Any CPU.Build.0 = Debug|Any CPU
		{107523E6-02A3-4C8F-BFB6-225D6FA3FB86}.Debug|x64.ActiveCfg = Debug|x64
		{107523E6-02A3-4C8F-BFB6-225D6FA3FB86}.Debug|x64.Build.0 = Debug|x64
		{107523E6-02A3-4C8F-BFB6-225D6FA3FB86}.Debug|x86.ActiveCfg = Debug|x86
		{107523E6-02A3-4C8F-BFB6-225D6FA3FB86}.Debug|x86.Build.0 = Debug|x86
		{107523E6-02A3-4C8F-BFB6-225D6FA3FB86}.Release|Any CPU.ActiveCfg = Release|Any CPU
		{107523E6-02A3-4C8F-BFB6-225D6FA3FB86}.Release|Any CPU.Build.0 = Release|Any CPU
		{107523E6-02A3-4C8F-BFB6-225D6FA3FB86}.Release|x64.ActiveCfg = Release|x64
		{107523E6-02A3-4C8F-BFB6-225D6FA3FB86}.Release|x64.Build.0 = Release|x64
		{107523E6-02A3-4C8F-BFB6-225D6FA3FB86}.Release|x86.ActiveCfg = Release|x86
		{107523E6-02A3-4C8F-BFB6-225D6FA3FB86}.Release|x86.Build.0 = Release|x86
		{B6722A85-FFDD-4BDE-9006-212BF93553BC}.Debug|Any CPU.ActiveCfg = Debug|Any CPU
		{B6722A85-FFDD-4BDE-9006-212BF93553BC}.Debug|Any CPU.Build.0 = Debug|Any CPU
		{B6722A85-FFDD-4BDE-9006-212BF93553BC}.Debug|x64.ActiveCfg = Debug|x64
		{B6722A85-FFDD-4BDE-9006-212BF93553BC}.Debug|x64.Build.0 = Debug|x64
		{B6722A85-FFDD-4BDE-9006-212BF93553BC}.Debug|x86.ActiveCfg = Debug|x86
		{B6722A85-FFDD-4BDE-9006-212BF93553BC}.Debug|x86.Build.0 = Debug|x86
		{B6722A85-FFDD-4BDE-9006-212BF93553BC}.Release|Any CPU.ActiveCfg = Release|Any CPU
		{B6722A85-FFDD-4BDE-9006-212BF93553BC}.Release|Any CPU.Build.0 = Release|Any CPU
		{B6722A85-FFDD-4BDE-9006-212BF93553BC}.Release|x64.ActiveCfg = Release|x64
		{B6722A85-FFDD-4BDE-9006-212BF93553BC}.Release|x64.Build.0 = Release|x64
		{B6722A85-FFDD-4BDE-9006-212BF93553BC}.Release|x86.ActiveCfg = Release|x86
		{B6722A85-FFDD-4BDE-9006-212BF93553BC}.Release|x86.Build.0 = Release|x86
		{E66F3AF2-6667-4695-BD57-01E840B27888}.Debug|Any CPU.ActiveCfg = Debug|Any CPU
		{E66F3AF2-6667-4695-BD57-01E840B27888}.Debug|Any CPU.Build.0 = Debug|Any CPU
		{E66F3AF2-6667-4695-BD57-01E840B27888}.Debug|x64.ActiveCfg = Debug|x64
		{E66F3AF2-6667-4695-BD57-01E840B27888}.Debug|x64.Build.0 = Debug|x64
		{E66F3AF2-6667-4695-BD57-01E840B27888}.Debug|x86.ActiveCfg = Debug|x86
		{E66F3AF2-6667-4695-BD57-01E840B27888}.Debug|x86.Build.0 = Debug|x86
		{E66F3AF2-6667-4695-BD57-01E840B27888}.Release|Any CPU.ActiveCfg = Release|Any CPU
		{E66F3AF2-6667-4695-BD57-01E840B27888}.Release|Any CPU.Build.0 = Release|Any CPU
		{E66F3AF2-6667-4695-BD57-01E840B27888}.Release|x64.ActiveCfg = Release|x64
		{E66F3AF2-6667-4695-BD57-01E840B27888}.Release|x64.Build.0 = Release|x64
		{E66F3AF2-6667-4695-BD57-01E840B27888}.Release|x86.ActiveCfg = Release|x86
		{E66F3AF2-6667-4695-BD57-01E840B27888}.Release|x86.Build.0 = Release|x86
		{1EC9DE60-7CB6-4B6E-BB43-16654F58FF2B}.Debug|Any CPU.ActiveCfg = Debug|Any CPU
		{1EC9DE60-7CB6-4B6E-BB43-16654F58FF2B}.Debug|Any CPU.Build.0 = Debug|Any CPU
		{1EC9DE60-7CB6-4B6E-BB43-16654F58FF2B}.Debug|x64.ActiveCfg = Debug|x64
		{1EC9DE60-7CB6-4B6E-BB43-16654F58FF2B}.Debug|x64.Build.0 = Debug|x64
		{1EC9DE60-7CB6-4B6E-BB43-16654F58FF2B}.Debug|x86.ActiveCfg = Debug|x86
		{1EC9DE60-7CB6-4B6E-BB43-16654F58FF2B}.Debug|x86.Build.0 = Debug|x86
		{1EC9DE60-7CB6-4B6E-BB43-16654F58FF2B}.Release|Any CPU.ActiveCfg = Release|Any CPU
		{1EC9DE60-7CB6-4B6E-BB43-16654F58FF2B}.Release|Any CPU.Build.0 = Release|Any CPU
		{1EC9DE60-7CB6-4B6E-BB43-16654F58FF2B}.Release|x64.ActiveCfg = Release|x64
		{1EC9DE60-7CB6-4B6E-BB43-16654F58FF2B}.Release|x64.Build.0 = Release|x64
		{1EC9DE60-7CB6-4B6E-BB43-16654F58FF2B}.Release|x86.ActiveCfg = Release|x86
		{1EC9DE60-7CB6-4B6E-BB43-16654F58FF2B}.Release|x86.Build.0 = Release|x86
		{35F00201-B95B-4649-BADF-42B3CB70685D}.Debug|Any CPU.ActiveCfg = Debug|Any CPU
		{35F00201-B95B-4649-BADF-42B3CB70685D}.Debug|Any CPU.Build.0 = Debug|Any CPU
		{35F00201-B95B-4649-BADF-42B3CB70685D}.Debug|x64.ActiveCfg = Debug|x64
		{35F00201-B95B-4649-BADF-42B3CB70685D}.Debug|x64.Build.0 = Debug|x64
		{35F00201-B95B-4649-BADF-42B3CB70685D}.Debug|x86.ActiveCfg = Debug|x86
		{35F00201-B95B-4649-BADF-42B3CB70685D}.Debug|x86.Build.0 = Debug|x86
		{35F00201-B95B-4649-BADF-42B3CB70685D}.Release|Any CPU.ActiveCfg = Release|Any CPU
		{35F00201-B95B-4649-BADF-42B3CB70685D}.Release|Any CPU.Build.0 = Release|Any CPU
		{35F00201-B95B-4649-BADF-42B3CB70685D}.Release|x64.ActiveCfg = Release|x64
		{35F00201-B95B-4649-BADF-42B3CB70685D}.Release|x64.Build.0 = Release|x64
		{35F00201-B95B-4649-BADF-42B3CB70685D}.Release|x86.ActiveCfg = Release|x86
		{35F00201-B95B-4649-BADF-42B3CB70685D}.Release|x86.Build.0 = Release|x86
		{933BC329-4F63-4583-A315-2E089624692D}.Debug|Any CPU.ActiveCfg = Debug|Any CPU
		{933BC329-4F63-4583-A315-2E089624692D}.Debug|Any CPU.Build.0 = Debug|Any CPU
		{933BC329-4F63-4583-A315-2E089624692D}.Debug|x64.ActiveCfg = Debug|x64
		{933BC329-4F63-4583-A315-2E089624692D}.Debug|x64.Build.0 = Debug|x64
		{933BC329-4F63-4583-A315-2E089624692D}.Debug|x86.ActiveCfg = Debug|x86
		{933BC329-4F63-4583-A315-2E089624692D}.Debug|x86.Build.0 = Debug|x86
		{933BC329-4F63-4583-A315-2E089624692D}.Release|Any CPU.ActiveCfg = Release|Any CPU
		{933BC329-4F63-4583-A315-2E089624692D}.Release|Any CPU.Build.0 = Release|Any CPU
		{933BC329-4F63-4583-A315-2E089624692D}.Release|x64.ActiveCfg = Release|x64
		{933BC329-4F63-4583-A315-2E089624692D}.Release|x64.Build.0 = Release|x64
		{933BC329-4F63-4583-A315-2E089624692D}.Release|x86.ActiveCfg = Release|x86
		{933BC329-4F63-4583-A315-2E089624692D}.Release|x86.Build.0 = Release|x86
		{F6F92307-B0B3-4D6C-BD9C-8B5FF5560DCF}.Debug|Any CPU.ActiveCfg = Debug|Any CPU
		{F6F92307-B0B3-4D6C-BD9C-8B5FF5560DCF}.Debug|Any CPU.Build.0 = Debug|Any CPU
		{F6F92307-B0B3-4D6C-BD9C-8B5FF5560DCF}.Debug|x64.ActiveCfg = Debug|x64
		{F6F92307-B0B3-4D6C-BD9C-8B5FF5560DCF}.Debug|x64.Build.0 = Debug|x64
		{F6F92307-B0B3-4D6C-BD9C-8B5FF5560DCF}.Debug|x86.ActiveCfg = Debug|x86
		{F6F92307-B0B3-4D6C-BD9C-8B5FF5560DCF}.Debug|x86.Build.0 = Debug|x86
		{F6F92307-B0B3-4D6C-BD9C-8B5FF5560DCF}.Release|Any CPU.ActiveCfg = Release|Any CPU
		{F6F92307-B0B3-4D6C-BD9C-8B5FF5560DCF}.Release|Any CPU.Build.0 = Release|Any CPU
		{F6F92307-B0B3-4D6C-BD9C-8B5FF5560DCF}.Release|x64.ActiveCfg = Release|x64
		{F6F92307-B0B3-4D6C-BD9C-8B5FF5560DCF}.Release|x64.Build.0 = Release|x64
		{F6F92307-B0B3-4D6C-BD9C-8B5FF5560DCF}.Release|x86.ActiveCfg = Release|x86
		{F6F92307-B0B3-4D6C-BD9C-8B5FF5560DCF}.Release|x86.Build.0 = Release|x86
		{C9C1ECC5-2F3B-47F6-947B-931F261C5E2D}.Debug|Any CPU.ActiveCfg = Debug|Any CPU
		{C9C1ECC5-2F3B-47F6-947B-931F261C5E2D}.Debug|Any CPU.Build.0 = Debug|Any CPU
		{C9C1ECC5-2F3B-47F6-947B-931F261C5E2D}.Debug|x64.ActiveCfg = Debug|x64
		{C9C1ECC5-2F3B-47F6-947B-931F261C5E2D}.Debug|x64.Build.0 = Debug|x64
		{C9C1ECC5-2F3B-47F6-947B-931F261C5E2D}.Debug|x86.ActiveCfg = Debug|x86
		{C9C1ECC5-2F3B-47F6-947B-931F261C5E2D}.Debug|x86.Build.0 = Debug|x86
		{C9C1ECC5-2F3B-47F6-947B-931F261C5E2D}.Release|Any CPU.ActiveCfg = Release|Any CPU
		{C9C1ECC5-2F3B-47F6-947B-931F261C5E2D}.Release|Any CPU.Build.0 = Release|Any CPU
		{C9C1ECC5-2F3B-47F6-947B-931F261C5E2D}.Release|x64.ActiveCfg = Release|x64
		{C9C1ECC5-2F3B-47F6-947B-931F261C5E2D}.Release|x64.Build.0 = Release|x64
		{C9C1ECC5-2F3B-47F6-947B-931F261C5E2D}.Release|x86.ActiveCfg = Release|x86
		{C9C1ECC5-2F3B-47F6-947B-931F261C5E2D}.Release|x86.Build.0 = Release|x86
		{EBE9EFE9-2828-43F0-9303-3F3AA4FCCDEF}.Debug|Any CPU.ActiveCfg = Debug|Any CPU
		{EBE9EFE9-2828-43F0-9303-3F3AA4FCCDEF}.Debug|Any CPU.Build.0 = Debug|Any CPU
		{EBE9EFE9-2828-43F0-9303-3F3AA4FCCDEF}.Debug|x64.ActiveCfg = Debug|x64
		{EBE9EFE9-2828-43F0-9303-3F3AA4FCCDEF}.Debug|x64.Build.0 = Debug|x64
		{EBE9EFE9-2828-43F0-9303-3F3AA4FCCDEF}.Debug|x86.ActiveCfg = Debug|x86
		{EBE9EFE9-2828-43F0-9303-3F3AA4FCCDEF}.Debug|x86.Build.0 = Debug|x86
		{EBE9EFE9-2828-43F0-9303-3F3AA4FCCDEF}.Release|Any CPU.ActiveCfg = Release|Any CPU
		{EBE9EFE9-2828-43F0-9303-3F3AA4FCCDEF}.Release|Any CPU.Build.0 = Release|Any CPU
		{EBE9EFE9-2828-43F0-9303-3F3AA4FCCDEF}.Release|x64.ActiveCfg = Release|x64
		{EBE9EFE9-2828-43F0-9303-3F3AA4FCCDEF}.Release|x64.Build.0 = Release|x64
		{EBE9EFE9-2828-43F0-9303-3F3AA4FCCDEF}.Release|x86.ActiveCfg = Release|x86
		{EBE9EFE9-2828-43F0-9303-3F3AA4FCCDEF}.Release|x86.Build.0 = Release|x86
		{A87C1917-A3D6-49A9-B4DE-C142BB07B0AB}.Debug|Any CPU.ActiveCfg = Debug|Any CPU
		{A87C1917-A3D6-49A9-B4DE-C142BB07B0AB}.Debug|Any CPU.Build.0 = Debug|Any CPU
		{A87C1917-A3D6-49A9-B4DE-C142BB07B0AB}.Debug|x64.ActiveCfg = Debug|x64
		{A87C1917-A3D6-49A9-B4DE-C142BB07B0AB}.Debug|x64.Build.0 = Debug|x64
		{A87C1917-A3D6-49A9-B4DE-C142BB07B0AB}.Debug|x86.ActiveCfg = Debug|x86
		{A87C1917-A3D6-49A9-B4DE-C142BB07B0AB}.Debug|x86.Build.0 = Debug|x86
		{A87C1917-A3D6-49A9-B4DE-C142BB07B0AB}.Release|Any CPU.ActiveCfg = Release|Any CPU
		{A87C1917-A3D6-49A9-B4DE-C142BB07B0AB}.Release|Any CPU.Build.0 = Release|Any CPU
		{A87C1917-A3D6-49A9-B4DE-C142BB07B0AB}.Release|x64.ActiveCfg = Release|x64
		{A87C1917-A3D6-49A9-B4DE-C142BB07B0AB}.Release|x64.Build.0 = Release|x64
		{A87C1917-A3D6-49A9-B4DE-C142BB07B0AB}.Release|x86.ActiveCfg = Release|x86
		{A87C1917-A3D6-49A9-B4DE-C142BB07B0AB}.Release|x86.Build.0 = Release|x86
		{76378EE3-897D-4C8E-B2D7-2B5F6C023FDD}.Debug|Any CPU.ActiveCfg = Debug|Any CPU
		{76378EE3-897D-4C8E-B2D7-2B5F6C023FDD}.Debug|Any CPU.Build.0 = Debug|Any CPU
		{76378EE3-897D-4C8E-B2D7-2B5F6C023FDD}.Debug|x64.ActiveCfg = Debug|x64
		{76378EE3-897D-4C8E-B2D7-2B5F6C023FDD}.Debug|x64.Build.0 = Debug|x64
		{76378EE3-897D-4C8E-B2D7-2B5F6C023FDD}.Debug|x86.ActiveCfg = Debug|x86
		{76378EE3-897D-4C8E-B2D7-2B5F6C023FDD}.Debug|x86.Build.0 = Debug|x86
		{76378EE3-897D-4C8E-B2D7-2B5F6C023FDD}.Release|Any CPU.ActiveCfg = Release|Any CPU
		{76378EE3-897D-4C8E-B2D7-2B5F6C023FDD}.Release|Any CPU.Build.0 = Release|Any CPU
		{76378EE3-897D-4C8E-B2D7-2B5F6C023FDD}.Release|x64.ActiveCfg = Release|x64
		{76378EE3-897D-4C8E-B2D7-2B5F6C023FDD}.Release|x64.Build.0 = Release|x64
		{76378EE3-897D-4C8E-B2D7-2B5F6C023FDD}.Release|x86.ActiveCfg = Release|x86
		{76378EE3-897D-4C8E-B2D7-2B5F6C023FDD}.Release|x86.Build.0 = Release|x86
		{6022AD00-6AEB-4697-A98C-B9260392867E}.Debug|Any CPU.ActiveCfg = Debug|Any CPU
		{6022AD00-6AEB-4697-A98C-B9260392867E}.Debug|Any CPU.Build.0 = Debug|Any CPU
		{6022AD00-6AEB-4697-A98C-B9260392867E}.Debug|x64.ActiveCfg = Debug|x64
		{6022AD00-6AEB-4697-A98C-B9260392867E}.Debug|x64.Build.0 = Debug|x64
		{6022AD00-6AEB-4697-A98C-B9260392867E}.Debug|x86.ActiveCfg = Debug|x86
		{6022AD00-6AEB-4697-A98C-B9260392867E}.Debug|x86.Build.0 = Debug|x86
		{6022AD00-6AEB-4697-A98C-B9260392867E}.Release|Any CPU.ActiveCfg = Release|Any CPU
		{6022AD00-6AEB-4697-A98C-B9260392867E}.Release|Any CPU.Build.0 = Release|Any CPU
		{6022AD00-6AEB-4697-A98C-B9260392867E}.Release|x64.ActiveCfg = Release|x64
		{6022AD00-6AEB-4697-A98C-B9260392867E}.Release|x64.Build.0 = Release|x64
		{6022AD00-6AEB-4697-A98C-B9260392867E}.Release|x86.ActiveCfg = Release|x86
		{6022AD00-6AEB-4697-A98C-B9260392867E}.Release|x86.Build.0 = Release|x86
		{4F207089-77AD-4976-8745-B9C12D13AA45}.Debug|Any CPU.ActiveCfg = Debug|Any CPU
		{4F207089-77AD-4976-8745-B9C12D13AA45}.Debug|Any CPU.Build.0 = Debug|Any CPU
		{4F207089-77AD-4976-8745-B9C12D13AA45}.Debug|x64.ActiveCfg = Debug|x64
		{4F207089-77AD-4976-8745-B9C12D13AA45}.Debug|x64.Build.0 = Debug|x64
		{4F207089-77AD-4976-8745-B9C12D13AA45}.Debug|x86.ActiveCfg = Debug|x86
		{4F207089-77AD-4976-8745-B9C12D13AA45}.Debug|x86.Build.0 = Debug|x86
		{4F207089-77AD-4976-8745-B9C12D13AA45}.Release|Any CPU.ActiveCfg = Release|Any CPU
		{4F207089-77AD-4976-8745-B9C12D13AA45}.Release|Any CPU.Build.0 = Release|Any CPU
		{4F207089-77AD-4976-8745-B9C12D13AA45}.Release|x64.ActiveCfg = Release|x64
		{4F207089-77AD-4976-8745-B9C12D13AA45}.Release|x64.Build.0 = Release|x64
		{4F207089-77AD-4976-8745-B9C12D13AA45}.Release|x86.ActiveCfg = Release|x86
		{4F207089-77AD-4976-8745-B9C12D13AA45}.Release|x86.Build.0 = Release|x86
		{CA7B4C96-BDAC-48F1-B6F8-DA95326A1640}.Debug|Any CPU.ActiveCfg = Debug|Any CPU
		{CA7B4C96-BDAC-48F1-B6F8-DA95326A1640}.Debug|Any CPU.Build.0 = Debug|Any CPU
		{CA7B4C96-BDAC-48F1-B6F8-DA95326A1640}.Debug|x64.ActiveCfg = Debug|x64
		{CA7B4C96-BDAC-48F1-B6F8-DA95326A1640}.Debug|x64.Build.0 = Debug|x64
		{CA7B4C96-BDAC-48F1-B6F8-DA95326A1640}.Debug|x86.ActiveCfg = Debug|x86
		{CA7B4C96-BDAC-48F1-B6F8-DA95326A1640}.Debug|x86.Build.0 = Debug|x86
		{CA7B4C96-BDAC-48F1-B6F8-DA95326A1640}.Release|Any CPU.ActiveCfg = Release|Any CPU
		{CA7B4C96-BDAC-48F1-B6F8-DA95326A1640}.Release|Any CPU.Build.0 = Release|Any CPU
		{CA7B4C96-BDAC-48F1-B6F8-DA95326A1640}.Release|x64.ActiveCfg = Release|x64
		{CA7B4C96-BDAC-48F1-B6F8-DA95326A1640}.Release|x64.Build.0 = Release|x64
		{CA7B4C96-BDAC-48F1-B6F8-DA95326A1640}.Release|x86.ActiveCfg = Release|x86
		{CA7B4C96-BDAC-48F1-B6F8-DA95326A1640}.Release|x86.Build.0 = Release|x86
		{8DEAB2F6-26B7-4CE3-9D9B-17D2F8DA4696}.Debug|Any CPU.ActiveCfg = Debug|Any CPU
		{8DEAB2F6-26B7-4CE3-9D9B-17D2F8DA4696}.Debug|Any CPU.Build.0 = Debug|Any CPU
		{8DEAB2F6-26B7-4CE3-9D9B-17D2F8DA4696}.Debug|x64.ActiveCfg = Debug|x64
		{8DEAB2F6-26B7-4CE3-9D9B-17D2F8DA4696}.Debug|x64.Build.0 = Debug|x64
		{8DEAB2F6-26B7-4CE3-9D9B-17D2F8DA4696}.Debug|x86.ActiveCfg = Debug|x86
		{8DEAB2F6-26B7-4CE3-9D9B-17D2F8DA4696}.Debug|x86.Build.0 = Debug|x86
		{8DEAB2F6-26B7-4CE3-9D9B-17D2F8DA4696}.Release|Any CPU.ActiveCfg = Release|Any CPU
		{8DEAB2F6-26B7-4CE3-9D9B-17D2F8DA4696}.Release|Any CPU.Build.0 = Release|Any CPU
		{8DEAB2F6-26B7-4CE3-9D9B-17D2F8DA4696}.Release|x64.ActiveCfg = Release|x64
		{8DEAB2F6-26B7-4CE3-9D9B-17D2F8DA4696}.Release|x64.Build.0 = Release|x64
		{8DEAB2F6-26B7-4CE3-9D9B-17D2F8DA4696}.Release|x86.ActiveCfg = Release|x86
		{8DEAB2F6-26B7-4CE3-9D9B-17D2F8DA4696}.Release|x86.Build.0 = Release|x86
		{F5B242E7-B4AF-4B97-9C00-0E545BE20D8A}.Debug|Any CPU.ActiveCfg = Debug|Any CPU
		{F5B242E7-B4AF-4B97-9C00-0E545BE20D8A}.Debug|Any CPU.Build.0 = Debug|Any CPU
		{F5B242E7-B4AF-4B97-9C00-0E545BE20D8A}.Debug|x64.ActiveCfg = Debug|x64
		{F5B242E7-B4AF-4B97-9C00-0E545BE20D8A}.Debug|x64.Build.0 = Debug|x64
		{F5B242E7-B4AF-4B97-9C00-0E545BE20D8A}.Debug|x86.ActiveCfg = Debug|x86
		{F5B242E7-B4AF-4B97-9C00-0E545BE20D8A}.Debug|x86.Build.0 = Debug|x86
		{F5B242E7-B4AF-4B97-9C00-0E545BE20D8A}.Release|Any CPU.ActiveCfg = Release|Any CPU
		{F5B242E7-B4AF-4B97-9C00-0E545BE20D8A}.Release|Any CPU.Build.0 = Release|Any CPU
		{F5B242E7-B4AF-4B97-9C00-0E545BE20D8A}.Release|x64.ActiveCfg = Release|x64
		{F5B242E7-B4AF-4B97-9C00-0E545BE20D8A}.Release|x64.Build.0 = Release|x64
		{F5B242E7-B4AF-4B97-9C00-0E545BE20D8A}.Release|x86.ActiveCfg = Release|x86
		{F5B242E7-B4AF-4B97-9C00-0E545BE20D8A}.Release|x86.Build.0 = Release|x86
		{31B2FC15-2576-4975-98FA-5750C86F6BA4}.Debug|Any CPU.ActiveCfg = Debug|Any CPU
		{31B2FC15-2576-4975-98FA-5750C86F6BA4}.Debug|Any CPU.Build.0 = Debug|Any CPU
		{31B2FC15-2576-4975-98FA-5750C86F6BA4}.Debug|x64.ActiveCfg = Debug|x64
		{31B2FC15-2576-4975-98FA-5750C86F6BA4}.Debug|x64.Build.0 = Debug|x64
		{31B2FC15-2576-4975-98FA-5750C86F6BA4}.Debug|x86.ActiveCfg = Debug|x86
		{31B2FC15-2576-4975-98FA-5750C86F6BA4}.Debug|x86.Build.0 = Debug|x86
		{31B2FC15-2576-4975-98FA-5750C86F6BA4}.Release|Any CPU.ActiveCfg = Release|Any CPU
		{31B2FC15-2576-4975-98FA-5750C86F6BA4}.Release|Any CPU.Build.0 = Release|Any CPU
		{31B2FC15-2576-4975-98FA-5750C86F6BA4}.Release|x64.ActiveCfg = Release|x64
		{31B2FC15-2576-4975-98FA-5750C86F6BA4}.Release|x64.Build.0 = Release|x64
		{31B2FC15-2576-4975-98FA-5750C86F6BA4}.Release|x86.ActiveCfg = Release|x86
		{31B2FC15-2576-4975-98FA-5750C86F6BA4}.Release|x86.Build.0 = Release|x86
		{6DA0F1EB-0541-4823-B844-65FE401049A3}.Debug|Any CPU.ActiveCfg = Debug|Any CPU
		{6DA0F1EB-0541-4823-B844-65FE401049A3}.Debug|Any CPU.Build.0 = Debug|Any CPU
		{6DA0F1EB-0541-4823-B844-65FE401049A3}.Debug|x64.ActiveCfg = Debug|x64
		{6DA0F1EB-0541-4823-B844-65FE401049A3}.Debug|x64.Build.0 = Debug|x64
		{6DA0F1EB-0541-4823-B844-65FE401049A3}.Debug|x86.ActiveCfg = Debug|x86
		{6DA0F1EB-0541-4823-B844-65FE401049A3}.Debug|x86.Build.0 = Debug|x86
		{6DA0F1EB-0541-4823-B844-65FE401049A3}.Release|Any CPU.ActiveCfg = Release|Any CPU
		{6DA0F1EB-0541-4823-B844-65FE401049A3}.Release|Any CPU.Build.0 = Release|Any CPU
		{6DA0F1EB-0541-4823-B844-65FE401049A3}.Release|x64.ActiveCfg = Release|x64
		{6DA0F1EB-0541-4823-B844-65FE401049A3}.Release|x64.Build.0 = Release|x64
		{6DA0F1EB-0541-4823-B844-65FE401049A3}.Release|x86.ActiveCfg = Release|x86
		{6DA0F1EB-0541-4823-B844-65FE401049A3}.Release|x86.Build.0 = Release|x86
		{A9B6A16F-BDB3-4514-8736-EC99C2768BBC}.Debug|Any CPU.ActiveCfg = Debug|Any CPU
		{A9B6A16F-BDB3-4514-8736-EC99C2768BBC}.Debug|Any CPU.Build.0 = Debug|Any CPU
		{A9B6A16F-BDB3-4514-8736-EC99C2768BBC}.Debug|x64.ActiveCfg = Debug|x64
		{A9B6A16F-BDB3-4514-8736-EC99C2768BBC}.Debug|x64.Build.0 = Debug|x64
		{A9B6A16F-BDB3-4514-8736-EC99C2768BBC}.Debug|x86.ActiveCfg = Debug|x86
		{A9B6A16F-BDB3-4514-8736-EC99C2768BBC}.Debug|x86.Build.0 = Debug|x86
		{A9B6A16F-BDB3-4514-8736-EC99C2768BBC}.Release|Any CPU.ActiveCfg = Release|Any CPU
		{A9B6A16F-BDB3-4514-8736-EC99C2768BBC}.Release|Any CPU.Build.0 = Release|Any CPU
		{A9B6A16F-BDB3-4514-8736-EC99C2768BBC}.Release|x64.ActiveCfg = Release|x64
		{A9B6A16F-BDB3-4514-8736-EC99C2768BBC}.Release|x64.Build.0 = Release|x64
		{A9B6A16F-BDB3-4514-8736-EC99C2768BBC}.Release|x86.ActiveCfg = Release|x86
		{A9B6A16F-BDB3-4514-8736-EC99C2768BBC}.Release|x86.Build.0 = Release|x86
		{F7C50A71-3AD8-4FEE-904A-D8F5FDF405AA}.Debug|Any CPU.ActiveCfg = Debug|Any CPU
		{F7C50A71-3AD8-4FEE-904A-D8F5FDF405AA}.Debug|Any CPU.Build.0 = Debug|Any CPU
		{F7C50A71-3AD8-4FEE-904A-D8F5FDF405AA}.Debug|x64.ActiveCfg = Debug|x64
		{F7C50A71-3AD8-4FEE-904A-D8F5FDF405AA}.Debug|x64.Build.0 = Debug|x64
		{F7C50A71-3AD8-4FEE-904A-D8F5FDF405AA}.Debug|x86.ActiveCfg = Debug|x86
		{F7C50A71-3AD8-4FEE-904A-D8F5FDF405AA}.Debug|x86.Build.0 = Debug|x86
		{F7C50A71-3AD8-4FEE-904A-D8F5FDF405AA}.Release|Any CPU.ActiveCfg = Release|Any CPU
		{F7C50A71-3AD8-4FEE-904A-D8F5FDF405AA}.Release|Any CPU.Build.0 = Release|Any CPU
		{F7C50A71-3AD8-4FEE-904A-D8F5FDF405AA}.Release|x64.ActiveCfg = Release|x64
		{F7C50A71-3AD8-4FEE-904A-D8F5FDF405AA}.Release|x64.Build.0 = Release|x64
		{F7C50A71-3AD8-4FEE-904A-D8F5FDF405AA}.Release|x86.ActiveCfg = Release|x86
		{F7C50A71-3AD8-4FEE-904A-D8F5FDF405AA}.Release|x86.Build.0 = Release|x86
		{A5790D76-6A31-476A-B402-DFDF2DF0EF7C}.Debug|Any CPU.ActiveCfg = Debug|Any CPU
		{A5790D76-6A31-476A-B402-DFDF2DF0EF7C}.Debug|Any CPU.Build.0 = Debug|Any CPU
		{A5790D76-6A31-476A-B402-DFDF2DF0EF7C}.Debug|x64.ActiveCfg = Debug|x64
		{A5790D76-6A31-476A-B402-DFDF2DF0EF7C}.Debug|x64.Build.0 = Debug|x64
		{A5790D76-6A31-476A-B402-DFDF2DF0EF7C}.Debug|x86.ActiveCfg = Debug|x86
		{A5790D76-6A31-476A-B402-DFDF2DF0EF7C}.Debug|x86.Build.0 = Debug|x86
		{A5790D76-6A31-476A-B402-DFDF2DF0EF7C}.Release|Any CPU.ActiveCfg = Release|Any CPU
		{A5790D76-6A31-476A-B402-DFDF2DF0EF7C}.Release|Any CPU.Build.0 = Release|Any CPU
		{A5790D76-6A31-476A-B402-DFDF2DF0EF7C}.Release|x64.ActiveCfg = Release|x64
		{A5790D76-6A31-476A-B402-DFDF2DF0EF7C}.Release|x64.Build.0 = Release|x64
		{A5790D76-6A31-476A-B402-DFDF2DF0EF7C}.Release|x86.ActiveCfg = Release|x86
		{A5790D76-6A31-476A-B402-DFDF2DF0EF7C}.Release|x86.Build.0 = Release|x86
		{2D3017E9-1289-46D4-B5B0-9AC686AD5668}.Debug|Any CPU.ActiveCfg = Debug|Any CPU
		{2D3017E9-1289-46D4-B5B0-9AC686AD5668}.Debug|Any CPU.Build.0 = Debug|Any CPU
		{2D3017E9-1289-46D4-B5B0-9AC686AD5668}.Debug|x64.ActiveCfg = Debug|x64
		{2D3017E9-1289-46D4-B5B0-9AC686AD5668}.Debug|x64.Build.0 = Debug|x64
		{2D3017E9-1289-46D4-B5B0-9AC686AD5668}.Debug|x86.ActiveCfg = Debug|x86
		{2D3017E9-1289-46D4-B5B0-9AC686AD5668}.Debug|x86.Build.0 = Debug|x86
		{2D3017E9-1289-46D4-B5B0-9AC686AD5668}.Release|Any CPU.ActiveCfg = Release|Any CPU
		{2D3017E9-1289-46D4-B5B0-9AC686AD5668}.Release|Any CPU.Build.0 = Release|Any CPU
		{2D3017E9-1289-46D4-B5B0-9AC686AD5668}.Release|x64.ActiveCfg = Release|x64
		{2D3017E9-1289-46D4-B5B0-9AC686AD5668}.Release|x64.Build.0 = Release|x64
		{2D3017E9-1289-46D4-B5B0-9AC686AD5668}.Release|x86.ActiveCfg = Release|x86
		{2D3017E9-1289-46D4-B5B0-9AC686AD5668}.Release|x86.Build.0 = Release|x86
		{EC0DBCE9-E807-4CFA-8964-3FF82250E19A}.Debug|Any CPU.ActiveCfg = Debug|Any CPU
		{EC0DBCE9-E807-4CFA-8964-3FF82250E19A}.Debug|Any CPU.Build.0 = Debug|Any CPU
		{EC0DBCE9-E807-4CFA-8964-3FF82250E19A}.Debug|x64.ActiveCfg = Debug|Any CPU
		{EC0DBCE9-E807-4CFA-8964-3FF82250E19A}.Debug|x64.Build.0 = Debug|Any CPU
		{EC0DBCE9-E807-4CFA-8964-3FF82250E19A}.Debug|x86.ActiveCfg = Debug|Any CPU
		{EC0DBCE9-E807-4CFA-8964-3FF82250E19A}.Debug|x86.Build.0 = Debug|Any CPU
		{EC0DBCE9-E807-4CFA-8964-3FF82250E19A}.Release|Any CPU.ActiveCfg = Release|Any CPU
		{EC0DBCE9-E807-4CFA-8964-3FF82250E19A}.Release|Any CPU.Build.0 = Release|Any CPU
		{EC0DBCE9-E807-4CFA-8964-3FF82250E19A}.Release|x64.ActiveCfg = Release|Any CPU
		{EC0DBCE9-E807-4CFA-8964-3FF82250E19A}.Release|x64.Build.0 = Release|Any CPU
		{EC0DBCE9-E807-4CFA-8964-3FF82250E19A}.Release|x86.ActiveCfg = Release|Any CPU
		{EC0DBCE9-E807-4CFA-8964-3FF82250E19A}.Release|x86.Build.0 = Release|Any CPU
		{16F52DE9-EA6F-41E6-A83A-2EE3700C786E}.Debug|Any CPU.ActiveCfg = Debug|Any CPU
		{16F52DE9-EA6F-41E6-A83A-2EE3700C786E}.Debug|Any CPU.Build.0 = Debug|Any CPU
		{16F52DE9-EA6F-41E6-A83A-2EE3700C786E}.Debug|x64.ActiveCfg = Debug|Any CPU
		{16F52DE9-EA6F-41E6-A83A-2EE3700C786E}.Debug|x64.Build.0 = Debug|Any CPU
		{16F52DE9-EA6F-41E6-A83A-2EE3700C786E}.Debug|x86.ActiveCfg = Debug|Any CPU
		{16F52DE9-EA6F-41E6-A83A-2EE3700C786E}.Debug|x86.Build.0 = Debug|Any CPU
		{16F52DE9-EA6F-41E6-A83A-2EE3700C786E}.Release|Any CPU.ActiveCfg = Release|Any CPU
		{16F52DE9-EA6F-41E6-A83A-2EE3700C786E}.Release|Any CPU.Build.0 = Release|Any CPU
		{16F52DE9-EA6F-41E6-A83A-2EE3700C786E}.Release|x64.ActiveCfg = Release|Any CPU
		{16F52DE9-EA6F-41E6-A83A-2EE3700C786E}.Release|x64.Build.0 = Release|Any CPU
		{16F52DE9-EA6F-41E6-A83A-2EE3700C786E}.Release|x86.ActiveCfg = Release|Any CPU
		{16F52DE9-EA6F-41E6-A83A-2EE3700C786E}.Release|x86.Build.0 = Release|Any CPU
		{715A26E3-BB98-469B-9007-02037514495E}.Debug|Any CPU.ActiveCfg = Debug|Any CPU
		{715A26E3-BB98-469B-9007-02037514495E}.Debug|Any CPU.Build.0 = Debug|Any CPU
		{715A26E3-BB98-469B-9007-02037514495E}.Debug|x64.ActiveCfg = Debug|Any CPU
		{715A26E3-BB98-469B-9007-02037514495E}.Debug|x64.Build.0 = Debug|Any CPU
		{715A26E3-BB98-469B-9007-02037514495E}.Debug|x86.ActiveCfg = Debug|Any CPU
		{715A26E3-BB98-469B-9007-02037514495E}.Debug|x86.Build.0 = Debug|Any CPU
		{715A26E3-BB98-469B-9007-02037514495E}.Release|Any CPU.ActiveCfg = Release|Any CPU
		{715A26E3-BB98-469B-9007-02037514495E}.Release|Any CPU.Build.0 = Release|Any CPU
		{715A26E3-BB98-469B-9007-02037514495E}.Release|x64.ActiveCfg = Release|Any CPU
		{715A26E3-BB98-469B-9007-02037514495E}.Release|x64.Build.0 = Release|Any CPU
		{715A26E3-BB98-469B-9007-02037514495E}.Release|x86.ActiveCfg = Release|Any CPU
		{715A26E3-BB98-469B-9007-02037514495E}.Release|x86.Build.0 = Release|Any CPU
		{D02E8175-7B90-44E0-8C34-FBB5341CD5B8}.Debug|Any CPU.ActiveCfg = Debug|Any CPU
		{D02E8175-7B90-44E0-8C34-FBB5341CD5B8}.Debug|Any CPU.Build.0 = Debug|Any CPU
		{D02E8175-7B90-44E0-8C34-FBB5341CD5B8}.Debug|x64.ActiveCfg = Debug|Any CPU
		{D02E8175-7B90-44E0-8C34-FBB5341CD5B8}.Debug|x64.Build.0 = Debug|Any CPU
		{D02E8175-7B90-44E0-8C34-FBB5341CD5B8}.Debug|x86.ActiveCfg = Debug|Any CPU
		{D02E8175-7B90-44E0-8C34-FBB5341CD5B8}.Debug|x86.Build.0 = Debug|Any CPU
		{D02E8175-7B90-44E0-8C34-FBB5341CD5B8}.Release|Any CPU.ActiveCfg = Release|Any CPU
		{D02E8175-7B90-44E0-8C34-FBB5341CD5B8}.Release|Any CPU.Build.0 = Release|Any CPU
		{D02E8175-7B90-44E0-8C34-FBB5341CD5B8}.Release|x64.ActiveCfg = Release|Any CPU
		{D02E8175-7B90-44E0-8C34-FBB5341CD5B8}.Release|x64.Build.0 = Release|Any CPU
		{D02E8175-7B90-44E0-8C34-FBB5341CD5B8}.Release|x86.ActiveCfg = Release|Any CPU
		{D02E8175-7B90-44E0-8C34-FBB5341CD5B8}.Release|x86.Build.0 = Release|Any CPU
		{55D3AB9C-BCC1-4735-8470-2F2F4C74626F}.Debug|Any CPU.ActiveCfg = Debug|Any CPU
		{55D3AB9C-BCC1-4735-8470-2F2F4C74626F}.Debug|Any CPU.Build.0 = Debug|Any CPU
		{55D3AB9C-BCC1-4735-8470-2F2F4C74626F}.Debug|x64.ActiveCfg = Debug|Any CPU
		{55D3AB9C-BCC1-4735-8470-2F2F4C74626F}.Debug|x64.Build.0 = Debug|Any CPU
		{55D3AB9C-BCC1-4735-8470-2F2F4C74626F}.Debug|x86.ActiveCfg = Debug|Any CPU
		{55D3AB9C-BCC1-4735-8470-2F2F4C74626F}.Debug|x86.Build.0 = Debug|Any CPU
		{55D3AB9C-BCC1-4735-8470-2F2F4C74626F}.Release|Any CPU.ActiveCfg = Release|Any CPU
		{55D3AB9C-BCC1-4735-8470-2F2F4C74626F}.Release|Any CPU.Build.0 = Release|Any CPU
		{55D3AB9C-BCC1-4735-8470-2F2F4C74626F}.Release|x64.ActiveCfg = Release|Any CPU
		{55D3AB9C-BCC1-4735-8470-2F2F4C74626F}.Release|x64.Build.0 = Release|Any CPU
		{55D3AB9C-BCC1-4735-8470-2F2F4C74626F}.Release|x86.ActiveCfg = Release|Any CPU
		{55D3AB9C-BCC1-4735-8470-2F2F4C74626F}.Release|x86.Build.0 = Release|Any CPU
		{44AC0208-8956-4413-9E0F-5442345AF3B6}.Debug|Any CPU.ActiveCfg = Debug|Any CPU
		{44AC0208-8956-4413-9E0F-5442345AF3B6}.Debug|Any CPU.Build.0 = Debug|Any CPU
		{44AC0208-8956-4413-9E0F-5442345AF3B6}.Debug|x64.ActiveCfg = Debug|Any CPU
		{44AC0208-8956-4413-9E0F-5442345AF3B6}.Debug|x64.Build.0 = Debug|Any CPU
		{44AC0208-8956-4413-9E0F-5442345AF3B6}.Debug|x86.ActiveCfg = Debug|Any CPU
		{44AC0208-8956-4413-9E0F-5442345AF3B6}.Debug|x86.Build.0 = Debug|Any CPU
		{44AC0208-8956-4413-9E0F-5442345AF3B6}.Release|Any CPU.ActiveCfg = Release|Any CPU
		{44AC0208-8956-4413-9E0F-5442345AF3B6}.Release|Any CPU.Build.0 = Release|Any CPU
		{44AC0208-8956-4413-9E0F-5442345AF3B6}.Release|x64.ActiveCfg = Release|Any CPU
		{44AC0208-8956-4413-9E0F-5442345AF3B6}.Release|x64.Build.0 = Release|Any CPU
		{44AC0208-8956-4413-9E0F-5442345AF3B6}.Release|x86.ActiveCfg = Release|Any CPU
		{44AC0208-8956-4413-9E0F-5442345AF3B6}.Release|x86.Build.0 = Release|Any CPU
		{6207076B-5F55-42F6-BEA0-E01D3C0E7066}.Debug|Any CPU.ActiveCfg = Debug|Any CPU
		{6207076B-5F55-42F6-BEA0-E01D3C0E7066}.Debug|Any CPU.Build.0 = Debug|Any CPU
		{6207076B-5F55-42F6-BEA0-E01D3C0E7066}.Debug|x64.ActiveCfg = Debug|Any CPU
		{6207076B-5F55-42F6-BEA0-E01D3C0E7066}.Debug|x64.Build.0 = Debug|Any CPU
		{6207076B-5F55-42F6-BEA0-E01D3C0E7066}.Debug|x86.ActiveCfg = Debug|Any CPU
		{6207076B-5F55-42F6-BEA0-E01D3C0E7066}.Debug|x86.Build.0 = Debug|Any CPU
		{6207076B-5F55-42F6-BEA0-E01D3C0E7066}.Release|Any CPU.ActiveCfg = Release|Any CPU
		{6207076B-5F55-42F6-BEA0-E01D3C0E7066}.Release|Any CPU.Build.0 = Release|Any CPU
		{6207076B-5F55-42F6-BEA0-E01D3C0E7066}.Release|x64.ActiveCfg = Release|Any CPU
		{6207076B-5F55-42F6-BEA0-E01D3C0E7066}.Release|x64.Build.0 = Release|Any CPU
		{6207076B-5F55-42F6-BEA0-E01D3C0E7066}.Release|x86.ActiveCfg = Release|Any CPU
		{6207076B-5F55-42F6-BEA0-E01D3C0E7066}.Release|x86.Build.0 = Release|Any CPU
		{A7FDD4E8-85EF-4248-84B4-FAF05D543C39}.Debug|Any CPU.ActiveCfg = Debug|Any CPU
		{A7FDD4E8-85EF-4248-84B4-FAF05D543C39}.Debug|Any CPU.Build.0 = Debug|Any CPU
		{A7FDD4E8-85EF-4248-84B4-FAF05D543C39}.Debug|x64.ActiveCfg = Debug|Any CPU
		{A7FDD4E8-85EF-4248-84B4-FAF05D543C39}.Debug|x64.Build.0 = Debug|Any CPU
		{A7FDD4E8-85EF-4248-84B4-FAF05D543C39}.Debug|x86.ActiveCfg = Debug|Any CPU
		{A7FDD4E8-85EF-4248-84B4-FAF05D543C39}.Debug|x86.Build.0 = Debug|Any CPU
		{A7FDD4E8-85EF-4248-84B4-FAF05D543C39}.Release|Any CPU.ActiveCfg = Release|Any CPU
		{A7FDD4E8-85EF-4248-84B4-FAF05D543C39}.Release|Any CPU.Build.0 = Release|Any CPU
		{A7FDD4E8-85EF-4248-84B4-FAF05D543C39}.Release|x64.ActiveCfg = Release|Any CPU
		{A7FDD4E8-85EF-4248-84B4-FAF05D543C39}.Release|x64.Build.0 = Release|Any CPU
		{A7FDD4E8-85EF-4248-84B4-FAF05D543C39}.Release|x86.ActiveCfg = Release|Any CPU
		{A7FDD4E8-85EF-4248-84B4-FAF05D543C39}.Release|x86.Build.0 = Release|Any CPU
		{08652736-59E6-43AD-8FA7-FD74E6C307DA}.Debug|Any CPU.ActiveCfg = Debug|Any CPU
		{08652736-59E6-43AD-8FA7-FD74E6C307DA}.Debug|Any CPU.Build.0 = Debug|Any CPU
		{08652736-59E6-43AD-8FA7-FD74E6C307DA}.Debug|x64.ActiveCfg = Debug|Any CPU
		{08652736-59E6-43AD-8FA7-FD74E6C307DA}.Debug|x64.Build.0 = Debug|Any CPU
		{08652736-59E6-43AD-8FA7-FD74E6C307DA}.Debug|x86.ActiveCfg = Debug|Any CPU
		{08652736-59E6-43AD-8FA7-FD74E6C307DA}.Debug|x86.Build.0 = Debug|Any CPU
		{08652736-59E6-43AD-8FA7-FD74E6C307DA}.Release|Any CPU.ActiveCfg = Release|Any CPU
		{08652736-59E6-43AD-8FA7-FD74E6C307DA}.Release|Any CPU.Build.0 = Release|Any CPU
		{08652736-59E6-43AD-8FA7-FD74E6C307DA}.Release|x64.ActiveCfg = Release|Any CPU
		{08652736-59E6-43AD-8FA7-FD74E6C307DA}.Release|x64.Build.0 = Release|Any CPU
		{08652736-59E6-43AD-8FA7-FD74E6C307DA}.Release|x86.ActiveCfg = Release|Any CPU
		{08652736-59E6-43AD-8FA7-FD74E6C307DA}.Release|x86.Build.0 = Release|Any CPU
		{3E18F303-FD12-427E-8F71-FE2CCB9C3DE9}.Debug|Any CPU.ActiveCfg = Debug|Any CPU
		{3E18F303-FD12-427E-8F71-FE2CCB9C3DE9}.Debug|Any CPU.Build.0 = Debug|Any CPU
		{3E18F303-FD12-427E-8F71-FE2CCB9C3DE9}.Debug|x64.ActiveCfg = Debug|Any CPU
		{3E18F303-FD12-427E-8F71-FE2CCB9C3DE9}.Debug|x64.Build.0 = Debug|Any CPU
		{3E18F303-FD12-427E-8F71-FE2CCB9C3DE9}.Debug|x86.ActiveCfg = Debug|Any CPU
		{3E18F303-FD12-427E-8F71-FE2CCB9C3DE9}.Debug|x86.Build.0 = Debug|Any CPU
		{3E18F303-FD12-427E-8F71-FE2CCB9C3DE9}.Release|Any CPU.ActiveCfg = Release|Any CPU
		{3E18F303-FD12-427E-8F71-FE2CCB9C3DE9}.Release|Any CPU.Build.0 = Release|Any CPU
		{3E18F303-FD12-427E-8F71-FE2CCB9C3DE9}.Release|x64.ActiveCfg = Release|Any CPU
		{3E18F303-FD12-427E-8F71-FE2CCB9C3DE9}.Release|x64.Build.0 = Release|Any CPU
		{3E18F303-FD12-427E-8F71-FE2CCB9C3DE9}.Release|x86.ActiveCfg = Release|Any CPU
		{3E18F303-FD12-427E-8F71-FE2CCB9C3DE9}.Release|x86.Build.0 = Release|Any CPU
		{2BF4E21B-9369-45BC-BED0-7D7341C8B177}.Debug|Any CPU.ActiveCfg = Debug|Any CPU
		{2BF4E21B-9369-45BC-BED0-7D7341C8B177}.Debug|Any CPU.Build.0 = Debug|Any CPU
		{2BF4E21B-9369-45BC-BED0-7D7341C8B177}.Debug|x64.ActiveCfg = Debug|Any CPU
		{2BF4E21B-9369-45BC-BED0-7D7341C8B177}.Debug|x64.Build.0 = Debug|Any CPU
		{2BF4E21B-9369-45BC-BED0-7D7341C8B177}.Debug|x86.ActiveCfg = Debug|Any CPU
		{2BF4E21B-9369-45BC-BED0-7D7341C8B177}.Debug|x86.Build.0 = Debug|Any CPU
		{2BF4E21B-9369-45BC-BED0-7D7341C8B177}.Release|Any CPU.ActiveCfg = Release|Any CPU
		{2BF4E21B-9369-45BC-BED0-7D7341C8B177}.Release|Any CPU.Build.0 = Release|Any CPU
		{2BF4E21B-9369-45BC-BED0-7D7341C8B177}.Release|x64.ActiveCfg = Release|Any CPU
		{2BF4E21B-9369-45BC-BED0-7D7341C8B177}.Release|x64.Build.0 = Release|Any CPU
		{2BF4E21B-9369-45BC-BED0-7D7341C8B177}.Release|x86.ActiveCfg = Release|Any CPU
		{2BF4E21B-9369-45BC-BED0-7D7341C8B177}.Release|x86.Build.0 = Release|Any CPU
		{3DF7B0B9-79AF-4233-91EB-7B9E1BCDAA5B}.Debug|Any CPU.ActiveCfg = Debug|Any CPU
		{3DF7B0B9-79AF-4233-91EB-7B9E1BCDAA5B}.Debug|Any CPU.Build.0 = Debug|Any CPU
		{3DF7B0B9-79AF-4233-91EB-7B9E1BCDAA5B}.Debug|x64.ActiveCfg = Debug|Any CPU
		{3DF7B0B9-79AF-4233-91EB-7B9E1BCDAA5B}.Debug|x64.Build.0 = Debug|Any CPU
		{3DF7B0B9-79AF-4233-91EB-7B9E1BCDAA5B}.Debug|x86.ActiveCfg = Debug|Any CPU
		{3DF7B0B9-79AF-4233-91EB-7B9E1BCDAA5B}.Debug|x86.Build.0 = Debug|Any CPU
		{3DF7B0B9-79AF-4233-91EB-7B9E1BCDAA5B}.Release|Any CPU.ActiveCfg = Release|Any CPU
		{3DF7B0B9-79AF-4233-91EB-7B9E1BCDAA5B}.Release|Any CPU.Build.0 = Release|Any CPU
		{3DF7B0B9-79AF-4233-91EB-7B9E1BCDAA5B}.Release|x64.ActiveCfg = Release|Any CPU
		{3DF7B0B9-79AF-4233-91EB-7B9E1BCDAA5B}.Release|x64.Build.0 = Release|Any CPU
		{3DF7B0B9-79AF-4233-91EB-7B9E1BCDAA5B}.Release|x86.ActiveCfg = Release|Any CPU
		{3DF7B0B9-79AF-4233-91EB-7B9E1BCDAA5B}.Release|x86.Build.0 = Release|Any CPU
	EndGlobalSection
	GlobalSection(SolutionProperties) = preSolution
		HideSolutionNode = FALSE
	EndGlobalSection
	GlobalSection(ExtensibilityGlobals) = postSolution
		SolutionGuid = {84F3C097-FB6D-4264-9CE1-F1CF9693776E}
	EndGlobalSection
EndGlobal
